
Microsoft Visual Studio Solution File, Format Version 12.00
# Visual Studio Version 17
VisualStudioVersion = 17.3.32825.248
MinimumVisualStudioVersion = 10.0.40219.1
Project("{FAE04EC0-301F-11D3-BF4B-00C04F79EFBC}") = "LAB4AFront", "LAB4AFront\LAB4AFront.csproj", "{5E222813-877A-4C65-8AAC-D19BBAD4D51A}"
EndProject
Global
	GlobalSection(SolutionConfigurationPlatforms) = preSolution
		Debug|Any CPU = Debug|Any CPU
		Release|Any CPU = Release|Any CPU
	EndGlobalSection
	GlobalSection(ProjectConfigurationPlatforms) = postSolution
		{5E222813-877A-4C65-8AAC-D19BBAD4D51A}.Debug|Any CPU.ActiveCfg = Debug|Any CPU
		{5E222813-877A-4C65-8AAC-D19BBAD4D51A}.Debug|Any CPU.Build.0 = Debug|Any CPU
		{5E222813-877A-4C65-8AAC-D19BBAD4D51A}.Release|Any CPU.ActiveCfg = Release|Any CPU
		{5E222813-877A-4C65-8AAC-D19BBAD4D51A}.Release|Any CPU.Build.0 = Release|Any CPU
	EndGlobalSection
	GlobalSection(SolutionProperties) = preSolution
		HideSolutionNode = FALSE
	EndGlobalSection
	GlobalSection(ExtensibilityGlobals) = postSolution
		SolutionGuid = {F6C22ED0-DD34-4160-8F01-F1788ACDBD1D}
	EndGlobalSection
EndGlobal
